
Microsoft Visual Studio Solution File, Format Version 12.00
# Visual Studio 15
VisualStudioVersion = 15.0.28307.852
MinimumVisualStudioVersion = 10.0.40219.1
Project("{FAE04EC0-301F-11D3-BF4B-00C04F79EFBC}") = "DemographicInformation", "DemographicInformation\DemographicInformation.csproj", "{C0A97D96-87E0-4259-8FFC-3B4B60F165EA}"
EndProject
Global
	GlobalSection(SolutionConfigurationPlatforms) = preSolution
		Debug|Any CPU = Debug|Any CPU
		Release|Any CPU = Release|Any CPU
	EndGlobalSection
	GlobalSection(ProjectConfigurationPlatforms) = postSolution
		{C0A97D96-87E0-4259-8FFC-3B4B60F165EA}.Debug|Any CPU.ActiveCfg = Debug|Any CPU
		{C0A97D96-87E0-4259-8FFC-3B4B60F165EA}.Debug|Any CPU.Build.0 = Debug|Any CPU
		{C0A97D96-87E0-4259-8FFC-3B4B60F165EA}.Release|Any CPU.ActiveCfg = Release|Any CPU
		{C0A97D96-87E0-4259-8FFC-3B4B60F165EA}.Release|Any CPU.Build.0 = Release|Any CPU
	EndGlobalSection
	GlobalSection(SolutionProperties) = preSolution
		HideSolutionNode = FALSE
	EndGlobalSection
	GlobalSection(ExtensibilityGlobals) = postSolution
		SolutionGuid = {BAEAC354-A3FF-4FD5-82CD-7FEF4A1D6408}
	EndGlobalSection
EndGlobal
